
Microsoft Visual Studio Solution File, Format Version 12.00
# Visual Studio Version 17
VisualStudioVersion = 17.2.32422.2
MinimumVisualStudioVersion = 10.0.40219.1
Project("{9A19103F-16F7-4668-BE54-9A1E7A4F7556}") = "WidgetNas", "WidgetNas\WidgetNas.csproj", "{DDCC7C87-0C2E-41F2-B913-670F56335F8B}"
EndProject
Global
	GlobalSection(SolutionConfigurationPlatforms) = preSolution
		Debug|Any CPU = Debug|Any CPU
		Release|Any CPU = Release|Any CPU
	EndGlobalSection
	GlobalSection(ProjectConfigurationPlatforms) = postSolution
		{DDCC7C87-0C2E-41F2-B913-670F56335F8B}.Debug|Any CPU.ActiveCfg = Debug|Any CPU
		{DDCC7C87-0C2E-41F2-B913-670F56335F8B}.Debug|Any CPU.Build.0 = Debug|Any CPU
		{DDCC7C87-0C2E-41F2-B913-670F56335F8B}.Release|Any CPU.ActiveCfg = Release|Any CPU
		{DDCC7C87-0C2E-41F2-B913-670F56335F8B}.Release|Any CPU.Build.0 = Release|Any CPU
	EndGlobalSection
	GlobalSection(SolutionProperties) = preSolution
		HideSolutionNode = FALSE
	EndGlobalSection
	GlobalSection(ExtensibilityGlobals) = postSolution
		SolutionGuid = {05BB225E-36DA-466D-A47B-68000A90A71B}
	EndGlobalSection
EndGlobal
